{
  "version": 4,
  "terraform_version": "1.8.5",
  "serial": 9,
  "lineage": "fd21790d-c930-1107-ca10-079bbbd9b05a",
  "outputs": {
    "aws_lambda_event_source_mapping_tfer--9b7783a0-1f0a-408d-8d07-62e509bfb852_id": {
      "value": "9b7783a0-1f0a-408d-8d07-62e509bfb852",
      "type": "string"
    },
    "aws_lambda_function_event_invoke_config_tfer--feic_arn-003A-aws-003A-lambda-003A-ap-northeast-1-003A-339712851438-003A-function-003A-cloudfrontInvalidation-003A--0024-LATEST_id": {
      "value": "arn:aws:lambda:ap-northeast-1:339712851438:function:cloudfrontInvalidation",
      "type": "string"
    },
    "aws_lambda_function_tfer--cloudfrontInvalidation_id": {
      "value": "arn:aws:lambda:ap-northeast-1:339712851438:function:cloudfrontInvalidation",
      "type": "string"
    },
    "aws_lambda_function_tfer--sendMessage_id": {
      "value": "arn:aws:lambda:ap-northeast-1:339712851438:function:sendMessage",
      "type": "string"
    },
    "aws_lambda_function_tfer--trackVisitors_id": {
      "value": "arn:aws:lambda:ap-northeast-1:339712851438:function:trackVisitors",
      "type": "string"
    },
    "aws_lambda_permission_tfer--339712851438_event_permissions_from_agb-s3-cloudresumechallenge-hosted_for_cloudfrontInvalidation_id": {
      "value": "339712851438_event_permissions_from_agb-s3-cloudresumechallenge-hosted_for_cloudfrontInvalidation",
      "type": "string"
    },
    "aws_lambda_permission_tfer--339712851438_event_permissions_from_agb-s3-cloudresumechallenge-staging_for_cloudfrontInvalidation_id": {
      "value": "339712851438_event_permissions_from_agb-s3-cloudresumechallenge-staging_for_cloudfrontInvalidation",
      "type": "string"
    },
    "aws_lambda_permission_tfer--6a15043e-cdf0-5fe5-9f60-2b632783e360_id": {
      "value": "6a15043e-cdf0-5fe5-9f60-2b632783e360",
      "type": "string"
    },
    "aws_lambda_permission_tfer--7fc9f8bc-795a-5281-8993-9ef519d4b046_id": {
      "value": "7fc9f8bc-795a-5281-8993-9ef519d4b046",
      "type": "string"
    }
  },
  "resources": [
    {
      "mode": "data",
      "type": "archive_file",
      "name": "cloudfrontInvalidation_lambda_function",
      "provider": "provider[\"registry.terraform.io/hashicorp/archive\"]",
      "instances": [
        {
          "schema_version": 0,
          "attributes": {
            "exclude_symlink_directories": null,
            "excludes": null,
            "id": "f604c0f700f20e4d13d19061bc0e7e3c01edb76f",
            "output_base64sha256": "QJbuH/O+NDpzf8GP6kzlgqWV7OZ1hwICzaOTDwlRuBw=",
            "output_base64sha512": "wldPTTHzUAxePMaZF5ExRezfIroZhZMbfLyKWVdZMuvQO9XJentqEUtxB1HfcxGLjy+VkZFZkRSvsAkPdr0Rvw==",
            "output_file_mode": null,
            "output_md5": "08f17f9db696a7e5e0f92dfec6c2b629",
            "output_path": "cloudfrontInvalidation.zip",
            "output_sha": "f604c0f700f20e4d13d19061bc0e7e3c01edb76f",
            "output_sha256": "4096ee1ff3be343a737fc18fea4ce582a595ece675870202cda3930f0951b81c",
            "output_sha512": "c2574f4d31f3500c5e3cc69917913145ecdf22ba1985931b7cbc8a59575932ebd03bd5c97a7b6a114b710751df73118b8f2f959191599114afb0090f76bd11bf",
            "output_size": 1110,
            "source": [],
            "source_content": null,
            "source_content_filename": null,
            "source_dir": null,
            "source_file": "../../../lambda_function_code/cloudfrontInvalidation.py",
            "type": "zip"
          },
          "sensitive_attributes": []
        }
      ]
    },
    {
      "mode": "data",
      "type": "archive_file",
      "name": "sendMessage_lambda_function",
      "provider": "provider[\"registry.terraform.io/hashicorp/archive\"]",
      "instances": [
        {
          "schema_version": 0,
          "attributes": {
            "exclude_symlink_directories": null,
            "excludes": null,
            "id": "d42e5ed37933abed3791d30c2d5d14191529f4a0",
            "output_base64sha256": "lT2wjWqszOZyIBNGUMtYZ/GmVCWUq7LWB/oR3Q51x6w=",
            "output_base64sha512": "oCzydkYy1QdJpOUIoUtXYRd+cYxgbho9i2ruZ1LwOuBtZ/WfQQy7fMfEeEPgxuhUtnForflZ9/M+FtiTTmB8bw==",
            "output_file_mode": null,
            "output_md5": "799806844638973485f4be45cd94f173",
            "output_path": "sendMessage.zip",
            "output_sha": "d42e5ed37933abed3791d30c2d5d14191529f4a0",
            "output_sha256": "953db08d6aaccce67220134650cb5867f1a6542594abb2d607fa11dd0e75c7ac",
            "output_sha512": "a02cf2764632d50749a4e508a14b5761177e718c606e1a3d8b6aee6752f03ae06d67f59f410cbb7cc7c47843e0c6e854b67168adf959f7f33e16d8934e607c6f",
            "output_size": 1107,
            "source": [],
            "source_content": null,
            "source_content_filename": null,
            "source_dir": null,
            "source_file": "../../../lambda_function_code/sendMessage.py",
            "type": "zip"
          },
          "sensitive_attributes": []
        }
      ]
    },
    {
      "mode": "data",
      "type": "archive_file",
      "name": "trackvisitors_lambda_function",
      "provider": "provider[\"registry.terraform.io/hashicorp/archive\"]",
      "instances": [
        {
          "schema_version": 0,
          "attributes": {
            "exclude_symlink_directories": null,
            "excludes": null,
            "id": "a0fbf8e2aff4344b36c4412d3d3b557232f4959e",
            "output_base64sha256": "Li1JuthUiENmXz3a2ns9v+SDbNtRutHXX++qrSdUDYQ=",
            "output_base64sha512": "RLepUz4i2UeiYrO+aqekx3y7OUD57l9/wfO8aZ0eD9WlQ6oryaIAh0zdc2hljksOhsbLdd2WNcxb2JoKN69uSw==",
            "output_file_mode": null,
            "output_md5": "088dfe031420174977c939e2e408b2c3",
            "output_path": "trackVisitors.zip",
            "output_sha": "a0fbf8e2aff4344b36c4412d3d3b557232f4959e",
            "output_sha256": "2e2d49bad8548843665f3ddada7b3dbfe4836cdb51bad1d75fefaaad27540d84",
            "output_sha512": "44b7a9533e22d947a262b3be6aa7a4c77cbb3940f9ee5f7fc1f3bc699d1e0fd5a543aa2bc9a200874cdd7368658e4b0e86c6cb75dd9635cc5bd89a0a37af6e4b",
            "output_size": 1081,
            "source": [],
            "source_content": null,
            "source_content_filename": null,
            "source_dir": null,
            "source_file": "../../../lambda_function_code/trackVisitors.py",
            "type": "zip"
          },
          "sensitive_attributes": []
        }
      ]
    },
    {
      "mode": "managed",
      "type": "aws_lambda_event_source_mapping",
      "name": "tfer--9b7783a0-1f0a-408d-8d07-62e509bfb852",
      "provider": "provider[\"registry.terraform.io/hashicorp/aws\"]",
      "instances": [
        {
          "schema_version": 0,
          "attributes": {
            "amazon_managed_kafka_event_source_config": [],
            "batch_size": 15,
            "bisect_batch_on_function_error": false,
            "destination_config": [],
            "document_db_event_source_config": [],
            "enabled": true,
            "event_source_arn": "arn:aws:sqs:ap-northeast-1:339712851438:CloudFrontInvalidationQueue",
            "filter_criteria": [],
            "function_arn": "arn:aws:lambda:ap-northeast-1:339712851438:function:cloudfrontInvalidation",
            "function_name": "arn:aws:lambda:ap-northeast-1:339712851438:function:cloudfrontInvalidation",
            "function_response_types": [
              "ReportBatchItemFailures"
            ],
            "id": "9b7783a0-1f0a-408d-8d07-62e509bfb852",
            "last_modified": "2024-06-04T02:46:44Z",
            "last_processing_result": "",
            "maximum_batching_window_in_seconds": 5,
            "maximum_record_age_in_seconds": 0,
            "maximum_retry_attempts": 0,
            "parallelization_factor": 0,
            "queues": [],
            "scaling_config": [],
            "self_managed_event_source": [],
            "self_managed_kafka_event_source_config": [],
            "source_access_configuration": [],
            "starting_position": "",
            "starting_position_timestamp": "",
            "state": "Enabled",
            "state_transition_reason": "USER_INITIATED",
            "topics": [],
            "tumbling_window_in_seconds": 0,
            "uuid": "9b7783a0-1f0a-408d-8d07-62e509bfb852"
          },
          "sensitive_attributes": []
        }
      ]
    },
    {
      "mode": "managed",
      "type": "aws_lambda_function",
      "name": "tfer--cloudfrontInvalidation",
      "provider": "provider[\"registry.terraform.io/hashicorp/aws\"]",
      "instances": [
        {
          "schema_version": 0,
          "attributes": {
            "architectures": [
              "x86_64"
            ],
            "arn": "arn:aws:lambda:ap-northeast-1:339712851438:function:cloudfrontInvalidation",
            "code_sha256": "QJbuH/O+NDpzf8GP6kzlgqWV7OZ1hwICzaOTDwlRuBw=",
            "code_signing_config_arn": "",
            "dead_letter_config": [],
            "description": "",
            "environment": [
              {
                "variables": {
                  "dev_bucket": "agb-s3-cloudresumechallenge-staging",
                  "dev_distribution": "E37NSQHT5FF2XS",
                  "prod_bucket": "agb-s3-cloudresumechallenge-hosted",
                  "prod_distribution": "ESAPTUQ4RL7CE"
                }
              }
            ],
            "ephemeral_storage": [
              {
                "size": 512
              }
            ],
            "file_system_config": [],
            "filename": "cloudfrontInvalidation.zip",
            "function_name": "cloudfrontInvalidation",
            "handler": "cloudfrontInvalidation.lambda_handler",
            "id": "arn:aws:lambda:ap-northeast-1:339712851438:function:cloudfrontInvalidation",
            "image_config": [],
            "image_uri": "",
            "invoke_arn": "arn:aws:apigateway:ap-northeast-1:lambda:path/2015-03-31/functions/arn:aws:lambda:ap-northeast-1:339712851438:function:cloudfrontInvalidation/invocations",
            "kms_key_arn": "",
            "last_modified": "2024-06-06T05:38:20.000+0000",
            "layers": [
              "arn:aws:lambda:ap-northeast-1:580247275435:layer:LambdaInsightsExtension:79"
            ],
            "logging_config": [
              {
                "application_log_level": "INFO",
                "log_format": "JSON",
                "log_group": "/aws/lambda/cloudfrontInvalidation",
                "system_log_level": "INFO"
              }
            ],
            "memory_size": 128,
            "package_type": "Zip",
            "publish": false,
            "qualified_arn": "arn:aws:lambda:ap-northeast-1:339712851438:function:cloudfrontInvalidation:$LATEST",
            "qualified_invoke_arn": "arn:aws:apigateway:ap-northeast-1:lambda:path/2015-03-31/functions/arn:aws:lambda:ap-northeast-1:339712851438:function:cloudfrontInvalidation:$LATEST/invocations",
            "replace_security_groups_on_destroy": null,
            "replacement_security_group_ids": null,
            "reserved_concurrent_executions": -1,
            "role": "arn:aws:iam::339712851438:role/service-role/CloudResume_CloudFrontManager",
            "runtime": "python3.12",
            "s3_bucket": null,
            "s3_key": null,
            "s3_object_version": null,
            "signing_job_arn": "",
            "signing_profile_version_arn": "",
            "skip_destroy": false,
            "snap_start": [],
            "source_code_hash": "QJbuH/O+NDpzf8GP6kzlgqWV7OZ1hwICzaOTDwlRuBw=",
            "source_code_size": 1110,
            "tags": {},
            "tags_all": {},
            "timeout": 60,
            "timeouts": null,
            "tracing_config": [
              {
                "mode": "Active"
              }
            ],
            "version": "$LATEST",
            "vpc_config": []
          },
          "sensitive_attributes": [],
          "private": "eyJlMmJmYjczMC1lY2FhLTExZTYtOGY4OC0zNDM2M2JjN2M0YzAiOnsiY3JlYXRlIjo2MDAwMDAwMDAwMDAsImRlbGV0ZSI6NjAwMDAwMDAwMDAwLCJ1cGRhdGUiOjYwMDAwMDAwMDAwMH19",
          "dependencies": [
            "data.archive_file.cloudfrontInvalidation_lambda_function"
          ]
        }
      ]
    },
    {
      "mode": "managed",
      "type": "aws_lambda_function",
      "name": "tfer--sendMessage",
      "provider": "provider[\"registry.terraform.io/hashicorp/aws\"]",
      "instances": [
        {
          "schema_version": 0,
          "attributes": {
            "architectures": [
              "x86_64"
            ],
            "arn": "arn:aws:lambda:ap-northeast-1:339712851438:function:sendMessage",
            "code_sha256": "lT2wjWqszOZyIBNGUMtYZ/GmVCWUq7LWB/oR3Q51x6w=",
            "code_signing_config_arn": "",
            "dead_letter_config": [],
            "description": "",
            "environment": [
              {
                "variables": {
                  "mailRegion": "ap-northeast-1",
                  "sendFromAddress": "noreply@cloudresume-agb.jp",
                  "sendToAddress": "a.bracken87+cloudresume_ses@gmail.com"
                }
              }
            ],
            "ephemeral_storage": [
              {
                "size": 512
              }
            ],
            "file_system_config": [],
            "filename": "sendMessage.zip",
            "function_name": "sendMessage",
            "handler": "sendMessage.lambda_handler",
            "id": "arn:aws:lambda:ap-northeast-1:339712851438:function:sendMessage",
            "image_config": [],
            "image_uri": "",
            "invoke_arn": "arn:aws:apigateway:ap-northeast-1:lambda:path/2015-03-31/functions/arn:aws:lambda:ap-northeast-1:339712851438:function:sendMessage/invocations",
            "kms_key_arn": "",
            "last_modified": "2024-06-06T05:38:20.000+0000",
            "layers": [
              "arn:aws:lambda:ap-northeast-1:580247275435:layer:LambdaInsightsExtension:79"
            ],
            "logging_config": [
              {
                "application_log_level": "INFO",
                "log_format": "JSON",
                "log_group": "/aws/lambda/sendMessage",
                "system_log_level": "INFO"
              }
            ],
            "memory_size": 128,
            "package_type": "Zip",
            "publish": false,
            "qualified_arn": "arn:aws:lambda:ap-northeast-1:339712851438:function:sendMessage:$LATEST",
            "qualified_invoke_arn": "arn:aws:apigateway:ap-northeast-1:lambda:path/2015-03-31/functions/arn:aws:lambda:ap-northeast-1:339712851438:function:sendMessage:$LATEST/invocations",
            "replace_security_groups_on_destroy": null,
            "replacement_security_group_ids": null,
            "reserved_concurrent_executions": -1,
            "role": "arn:aws:iam::339712851438:role/CloudResume_SendMessage",
            "runtime": "python3.12",
            "s3_bucket": null,
            "s3_key": null,
            "s3_object_version": null,
            "signing_job_arn": "",
            "signing_profile_version_arn": "",
            "skip_destroy": false,
            "snap_start": [],
            "source_code_hash": "lT2wjWqszOZyIBNGUMtYZ/GmVCWUq7LWB/oR3Q51x6w=",
            "source_code_size": 1107,
            "tags": {},
            "tags_all": {},
            "timeout": 3,
            "timeouts": null,
            "tracing_config": [
              {
                "mode": "Active"
              }
            ],
            "version": "$LATEST",
            "vpc_config": []
          },
          "sensitive_attributes": [],
          "private": "eyJlMmJmYjczMC1lY2FhLTExZTYtOGY4OC0zNDM2M2JjN2M0YzAiOnsiY3JlYXRlIjo2MDAwMDAwMDAwMDAsImRlbGV0ZSI6NjAwMDAwMDAwMDAwLCJ1cGRhdGUiOjYwMDAwMDAwMDAwMH19",
          "dependencies": [
            "data.archive_file.sendMessage_lambda_function"
          ]
        }
      ]
    },
    {
      "mode": "managed",
      "type": "aws_lambda_function",
      "name": "tfer--trackVisitors",
      "provider": "provider[\"registry.terraform.io/hashicorp/aws\"]",
      "instances": [
        {
          "schema_version": 0,
          "attributes": {
            "architectures": [
              "x86_64"
            ],
            "arn": "arn:aws:lambda:ap-northeast-1:339712851438:function:trackVisitors",
            "code_sha256": "Li1JuthUiENmXz3a2ns9v+SDbNtRutHXX++qrSdUDYQ=",
            "code_signing_config_arn": "",
            "dead_letter_config": [],
            "description": "",
            "environment": [
              {
                "variables": {
                  "countTableName": "crc-visitor-count",
                  "recordTableName": "crc-visitor-record"
                }
              }
            ],
            "ephemeral_storage": [
              {
                "size": 512
              }
            ],
            "file_system_config": [],
            "filename": "trackVisitors.zip",
            "function_name": "trackVisitors",
            "handler": "trackVisitors.lambda_handler",
            "id": "arn:aws:lambda:ap-northeast-1:339712851438:function:trackVisitors",
            "image_config": [],
            "image_uri": "",
            "invoke_arn": "arn:aws:apigateway:ap-northeast-1:lambda:path/2015-03-31/functions/arn:aws:lambda:ap-northeast-1:339712851438:function:trackVisitors/invocations",
            "kms_key_arn": "",
            "last_modified": "2024-06-06T05:35:44.000+0000",
            "layers": [
              "arn:aws:lambda:ap-northeast-1:580247275435:layer:LambdaInsightsExtension:79"
            ],
            "logging_config": [
              {
                "application_log_level": "INFO",
                "log_format": "JSON",
                "log_group": "/aws/lambda/trackVisitors",
                "system_log_level": "INFO"
              }
            ],
            "memory_size": 128,
            "package_type": "Zip",
            "publish": false,
            "qualified_arn": "arn:aws:lambda:ap-northeast-1:339712851438:function:trackVisitors:$LATEST",
            "qualified_invoke_arn": "arn:aws:apigateway:ap-northeast-1:lambda:path/2015-03-31/functions/arn:aws:lambda:ap-northeast-1:339712851438:function:trackVisitors:$LATEST/invocations",
            "replace_security_groups_on_destroy": null,
            "replacement_security_group_ids": null,
            "reserved_concurrent_executions": -1,
            "role": "arn:aws:iam::339712851438:role/CloudResume_TrackVisitors",
            "runtime": "python3.12",
            "s3_bucket": null,
            "s3_key": null,
            "s3_object_version": null,
            "signing_job_arn": "",
            "signing_profile_version_arn": "",
            "skip_destroy": false,
            "snap_start": [],
            "source_code_hash": "Li1JuthUiENmXz3a2ns9v+SDbNtRutHXX++qrSdUDYQ=",
            "source_code_size": 1081,
            "tags": {},
            "tags_all": {},
            "timeout": 3,
            "timeouts": null,
            "tracing_config": [
              {
                "mode": "Active"
              }
            ],
            "version": "$LATEST",
            "vpc_config": []
          },
          "sensitive_attributes": [],
          "private": "eyJlMmJmYjczMC1lY2FhLTExZTYtOGY4OC0zNDM2M2JjN2M0YzAiOnsiY3JlYXRlIjo2MDAwMDAwMDAwMDAsImRlbGV0ZSI6NjAwMDAwMDAwMDAwLCJ1cGRhdGUiOjYwMDAwMDAwMDAwMH19",
          "dependencies": [
            "data.archive_file.trackvisitors_lambda_function"
          ]
        }
      ]
    },
    {
      "mode": "managed",
      "type": "aws_lambda_function_event_invoke_config",
      "name": "tfer--feic_arn-003A-aws-003A-lambda-003A-ap-northeast-1-003A-339712851438-003A-function-003A-cloudfrontInvalidation-003A--0024-LATEST",
      "provider": "provider[\"registry.terraform.io/hashicorp/aws\"]",
      "instances": [
        {
          "schema_version": 0,
          "attributes": {
            "destination_config": [],
            "function_name": "arn:aws:lambda:ap-northeast-1:339712851438:function:cloudfrontInvalidation",
            "id": "arn:aws:lambda:ap-northeast-1:339712851438:function:cloudfrontInvalidation",
            "maximum_event_age_in_seconds": 3600,
            "maximum_retry_attempts": 2,
            "qualifier": ""
          },
          "sensitive_attributes": []
        }
      ]
    },
    {
      "mode": "managed",
      "type": "aws_lambda_permission",
      "name": "tfer--339712851438_event_permissions_from_agb-s3-cloudresumechallenge-hosted_for_cloudfrontInvalidation",
      "provider": "provider[\"registry.terraform.io/hashicorp/aws\"]",
      "instances": [
        {
          "schema_version": 0,
          "attributes": {
            "action": "lambda:InvokeFunction",
            "event_source_token": "",
            "function_name": "arn:aws:lambda:ap-northeast-1:339712851438:function:cloudfrontInvalidation",
            "function_url_auth_type": "",
            "id": "339712851438_event_permissions_from_agb-s3-cloudresumechallenge-hosted_for_cloudfrontInvalidation",
            "principal": "s3.amazonaws.com",
            "principal_org_id": "",
            "qualifier": "",
            "source_account": "339712851438",
            "source_arn": "arn:aws:s3:::agb-s3-cloudresumechallenge-hosted",
            "statement_id": "339712851438_event_permissions_from_agb-s3-cloudresumechallenge-hosted_for_cloudfrontInvalidation",
            "statement_id_prefix": ""
          },
          "sensitive_attributes": []
        }
      ]
    },
    {
      "mode": "managed",
      "type": "aws_lambda_permission",
      "name": "tfer--339712851438_event_permissions_from_agb-s3-cloudresumechallenge-staging_for_cloudfrontInvalidation",
      "provider": "provider[\"registry.terraform.io/hashicorp/aws\"]",
      "instances": [
        {
          "schema_version": 0,
          "attributes": {
            "action": "lambda:InvokeFunction",
            "event_source_token": "",
            "function_name": "arn:aws:lambda:ap-northeast-1:339712851438:function:cloudfrontInvalidation",
            "function_url_auth_type": "",
            "id": "339712851438_event_permissions_from_agb-s3-cloudresumechallenge-staging_for_cloudfrontInvalidation",
            "principal": "s3.amazonaws.com",
            "principal_org_id": "",
            "qualifier": "",
            "source_account": "339712851438",
            "source_arn": "arn:aws:s3:::agb-s3-cloudresumechallenge-staging",
            "statement_id": "339712851438_event_permissions_from_agb-s3-cloudresumechallenge-staging_for_cloudfrontInvalidation",
            "statement_id_prefix": ""
          },
          "sensitive_attributes": []
        }
      ]
    },
    {
      "mode": "managed",
      "type": "aws_lambda_permission",
      "name": "tfer--6a15043e-cdf0-5fe5-9f60-2b632783e360",
      "provider": "provider[\"registry.terraform.io/hashicorp/aws\"]",
      "instances": [
        {
          "schema_version": 0,
          "attributes": {
            "action": "lambda:InvokeFunction",
            "event_source_token": null,
            "function_name": "arn:aws:lambda:ap-northeast-1:339712851438:function:trackVisitors",
            "function_url_auth_type": null,
            "id": "6a15043e-cdf0-5fe5-9f60-2b632783e360",
            "principal": "apigateway.amazonaws.com",
            "principal_org_id": null,
            "qualifier": "",
            "source_account": null,
            "source_arn": "arn:aws:execute-api:ap-northeast-1:339712851438:3nfq1o8esj/*/GET/visitors",
            "statement_id": "6a15043e-cdf0-5fe5-9f60-2b632783e360",
            "statement_id_prefix": ""
          },
          "sensitive_attributes": []
        }
      ]
    },
    {
      "mode": "managed",
      "type": "aws_lambda_permission",
      "name": "tfer--7fc9f8bc-795a-5281-8993-9ef519d4b046",
      "provider": "provider[\"registry.terraform.io/hashicorp/aws\"]",
      "instances": [
        {
          "schema_version": 0,
          "attributes": {
            "action": "lambda:InvokeFunction",
            "event_source_token": null,
            "function_name": "arn:aws:lambda:ap-northeast-1:339712851438:function:sendMessage",
            "function_url_auth_type": null,
            "id": "7fc9f8bc-795a-5281-8993-9ef519d4b046",
            "principal": "apigateway.amazonaws.com",
            "principal_org_id": null,
            "qualifier": "",
            "source_account": null,
            "source_arn": "arn:aws:execute-api:ap-northeast-1:339712851438:3nfq1o8esj/*/POST/contact",
            "statement_id": "7fc9f8bc-795a-5281-8993-9ef519d4b046",
            "statement_id_prefix": ""
          },
          "sensitive_attributes": []
        }
      ]
    }
  ],
  "check_results": null
}
