{
  "version": 4,
  "terraform_version": "1.8.5",
  "serial": 2,
  "lineage": "94b965d8-9683-e69c-adc8-5ba440e67f68",
  "outputs": {
    "aws_dynamodb_table_tfer--crc-visitor-count_id": {
      "value": "crc-visitor-count",
      "type": "string"
    },
    "aws_dynamodb_table_tfer--crc-visitor-record_id": {
      "value": "crc-visitor-record",
      "type": "string"
    }
  },
  "resources": [
    {
      "mode": "managed",
      "type": "aws_dynamodb_table",
      "name": "tfer--crc-visitor-count",
      "provider": "provider[\"registry.terraform.io/hashicorp/aws\"]",
      "instances": [
        {
          "schema_version": 1,
          "attributes_flat": {
            "arn": "arn:aws:dynamodb:ap-northeast-1:339712851438:table/crc-visitor-count",
            "attribute.#": "1",
            "attribute.0.name": "id",
            "attribute.0.type": "S",
            "billing_mode": "PROVISIONED",
            "deletion_protection_enabled": "true",
            "global_secondary_index.#": "0",
            "hash_key": "id",
            "id": "crc-visitor-count",
            "local_secondary_index.#": "0",
            "name": "crc-visitor-count",
            "point_in_time_recovery.#": "1",
            "point_in_time_recovery.0.enabled": "false",
            "read_capacity": "1",
            "replica.#": "0",
            "server_side_encryption.#": "0",
            "stream_arn": "",
            "stream_enabled": "false",
            "stream_label": "",
            "stream_view_type": "",
            "table_class": "STANDARD",
            "tags.%": "2",
            "tags.Name": "Visitor Counter",
            "tags.Project": "CloudResume",
            "tags_all.%": "2",
            "tags_all.Name": "Visitor Counter",
            "tags_all.Project": "CloudResume",
            "ttl.#": "1",
            "ttl.0.attribute_name": "",
            "ttl.0.enabled": "false",
            "write_capacity": "1"
          },
          "sensitive_attributes": []
        }
      ]
    },
    {
      "mode": "managed",
      "type": "aws_dynamodb_table",
      "name": "tfer--crc-visitor-record",
      "provider": "provider[\"registry.terraform.io/hashicorp/aws\"]",
      "instances": [
        {
          "schema_version": 1,
          "attributes_flat": {
            "arn": "arn:aws:dynamodb:ap-northeast-1:339712851438:table/crc-visitor-record",
            "attribute.#": "1",
            "attribute.0.name": "id",
            "attribute.0.type": "S",
            "billing_mode": "PROVISIONED",
            "deletion_protection_enabled": "true",
            "global_secondary_index.#": "0",
            "hash_key": "id",
            "id": "crc-visitor-record",
            "local_secondary_index.#": "0",
            "name": "crc-visitor-record",
            "point_in_time_recovery.#": "1",
            "point_in_time_recovery.0.enabled": "false",
            "read_capacity": "1",
            "replica.#": "0",
            "server_side_encryption.#": "0",
            "stream_arn": "",
            "stream_enabled": "false",
            "stream_label": "",
            "stream_view_type": "",
            "table_class": "STANDARD",
            "tags.%": "2",
            "tags.Name": "Visitor Records",
            "tags.Project": "CloudResume",
            "tags_all.%": "2",
            "tags_all.Name": "Visitor Records",
            "tags_all.Project": "CloudResume",
            "ttl.#": "1",
            "ttl.0.attribute_name": "ttl",
            "ttl.0.enabled": "true",
            "write_capacity": "1"
          },
          "sensitive_attributes": []
        }
      ]
    }
  ],
  "check_results": null
}
