{
  "version": 4,
  "terraform_version": "1.5.7",
  "serial": 2,
  "lineage": "12940d48-94f2-e5a5-3703-e14989ace9ff",
  "outputs": {
    "aws_route53_record_tfer--Z03405071SXF625TZSK71_7lmgms2aww5lulqi3rmfffwqocwkmjck-002E-_domainkey-002E-cloudresume-agb-002E-jp-002E-_CNAME__id": {
      "value": "Z03405071SXF625TZSK71_7lmgms2aww5lulqi3rmfffwqocwkmjck._domainkey.cloudresume-agb.jp._CNAME_",
      "type": "string"
    },
    "aws_route53_record_tfer--Z03405071SXF625TZSK71__dmarc-002E-cloudresume-agb-002E-jp-002E-_TXT__id": {
      "value": "Z03405071SXF625TZSK71__dmarc.cloudresume-agb.jp._TXT_",
      "type": "string"
    },
    "aws_route53_record_tfer--Z03405071SXF625TZSK71_api-002E-cloudresume-agb-002E-jp-002E-_A__id": {
      "value": "Z03405071SXF625TZSK71_api.cloudresume-agb.jp._A_",
      "type": "string"
    },
    "aws_route53_record_tfer--Z03405071SXF625TZSK71_cloudresume-agb-002E-jp-002E-_A__id": {
      "value": "Z03405071SXF625TZSK71_cloudresume-agb.jp._A_",
      "type": "string"
    },
    "aws_route53_record_tfer--Z03405071SXF625TZSK71_cloudresume-agb-002E-jp-002E-_NS__id": {
      "value": "Z03405071SXF625TZSK71_cloudresume-agb.jp._NS_",
      "type": "string"
    },
    "aws_route53_record_tfer--Z03405071SXF625TZSK71_cloudresume-agb-002E-jp-002E-_SOA__id": {
      "value": "Z03405071SXF625TZSK71_cloudresume-agb.jp._SOA_",
      "type": "string"
    },
    "aws_route53_record_tfer--Z03405071SXF625TZSK71_contact-002E-cloudresume-agb-002E-jp-002E-_MX__id": {
      "value": "Z03405071SXF625TZSK71_contact.cloudresume-agb.jp._MX_",
      "type": "string"
    },
    "aws_route53_record_tfer--Z03405071SXF625TZSK71_contact-002E-cloudresume-agb-002E-jp-002E-_TXT__id": {
      "value": "Z03405071SXF625TZSK71_contact.cloudresume-agb.jp._TXT_",
      "type": "string"
    },
    "aws_route53_record_tfer--Z03405071SXF625TZSK71_nngjyxusg7376yfuxcrx6h6p4ljavsru-002E-_domainkey-002E-cloudresume-agb-002E-jp-002E-_CNAME__id": {
      "value": "Z03405071SXF625TZSK71_nngjyxusg7376yfuxcrx6h6p4ljavsru._domainkey.cloudresume-agb.jp._CNAME_",
      "type": "string"
    },
    "aws_route53_record_tfer--Z03405071SXF625TZSK71_s2k3jbjkxqkzok5u2vxthw7gi5deossm-002E-_domainkey-002E-cloudresume-agb-002E-jp-002E-_CNAME__id": {
      "value": "Z03405071SXF625TZSK71_s2k3jbjkxqkzok5u2vxthw7gi5deossm._domainkey.cloudresume-agb.jp._CNAME_",
      "type": "string"
    },
    "aws_route53_record_tfer--Z03405071SXF625TZSK71_staging-002E-cloudresume-agb-002E-jp-002E-_A__id": {
      "value": "Z03405071SXF625TZSK71_staging.cloudresume-agb.jp._A_",
      "type": "string"
    },
    "aws_route53_record_tfer--Z03405071SXF625TZSK71_www-002E-cloudresume-agb-002E-jp-002E-_A__id": {
      "value": "Z03405071SXF625TZSK71_www.cloudresume-agb.jp._A_",
      "type": "string"
    },
    "aws_route53_zone_tfer--Z03405071SXF625TZSK71_cloudresume-agb-002E-jp_id": {
      "value": "Z03405071SXF625TZSK71",
      "type": "string"
    }
  },
  "resources": [
    {
      "mode": "managed",
      "type": "aws_route53_record",
      "name": "tfer--Z03405071SXF625TZSK71_7lmgms2aww5lulqi3rmfffwqocwkmjck-002E-_domainkey-002E-cloudresume-agb-002E-jp-002E-_CNAME_",
      "provider": "provider[\"registry.terraform.io/hashicorp/aws\"]",
      "instances": [
        {
          "schema_version": 2,
          "attributes_flat": {
            "fqdn": "7lmgms2aww5lulqi3rmfffwqocwkmjck._domainkey.cloudresume-agb.jp",
            "health_check_id": "",
            "id": "Z03405071SXF625TZSK71_7lmgms2aww5lulqi3rmfffwqocwkmjck._domainkey.cloudresume-agb.jp._CNAME_",
            "multivalue_answer_routing_policy": "false",
            "name": "7lmgms2aww5lulqi3rmfffwqocwkmjck._domainkey.cloudresume-agb.jp",
            "records.#": "1",
            "records.0": "7lmgms2aww5lulqi3rmfffwqocwkmjck.dkim.amazonses.com",
            "set_identifier": "",
            "ttl": "300",
            "type": "CNAME",
            "zone_id": "Z03405071SXF625TZSK71"
          },
          "sensitive_attributes": []
        }
      ]
    },
    {
      "mode": "managed",
      "type": "aws_route53_record",
      "name": "tfer--Z03405071SXF625TZSK71__dmarc-002E-cloudresume-agb-002E-jp-002E-_TXT_",
      "provider": "provider[\"registry.terraform.io/hashicorp/aws\"]",
      "instances": [
        {
          "schema_version": 2,
          "attributes_flat": {
            "fqdn": "_dmarc.cloudresume-agb.jp",
            "health_check_id": "",
            "id": "Z03405071SXF625TZSK71__dmarc.cloudresume-agb.jp._TXT_",
            "multivalue_answer_routing_policy": "false",
            "name": "_dmarc.cloudresume-agb.jp",
            "records.#": "1",
            "records.0": "v=DMARC1; p=none;",
            "set_identifier": "",
            "ttl": "300",
            "type": "TXT",
            "zone_id": "Z03405071SXF625TZSK71"
          },
          "sensitive_attributes": []
        }
      ]
    },
    {
      "mode": "managed",
      "type": "aws_route53_record",
      "name": "tfer--Z03405071SXF625TZSK71_api-002E-cloudresume-agb-002E-jp-002E-_A_",
      "provider": "provider[\"registry.terraform.io/hashicorp/aws\"]",
      "instances": [
        {
          "schema_version": 2,
          "attributes_flat": {
            "alias.#": "1",
            "alias.0.evaluate_target_health": "false",
            "alias.0.name": "d9zhaw4xflnb4.cloudfront.net",
            "alias.0.zone_id": "Z2FDTNDATAQYW2",
            "fqdn": "api.cloudresume-agb.jp",
            "health_check_id": "",
            "id": "Z03405071SXF625TZSK71_api.cloudresume-agb.jp._A_",
            "multivalue_answer_routing_policy": "false",
            "name": "api.cloudresume-agb.jp",
            "records.#": "0",
            "set_identifier": "",
            "ttl": "0",
            "type": "A",
            "zone_id": "Z03405071SXF625TZSK71"
          },
          "sensitive_attributes": []
        }
      ]
    },
    {
      "mode": "managed",
      "type": "aws_route53_record",
      "name": "tfer--Z03405071SXF625TZSK71_cloudresume-agb-002E-jp-002E-_A_",
      "provider": "provider[\"registry.terraform.io/hashicorp/aws\"]",
      "instances": [
        {
          "schema_version": 2,
          "attributes_flat": {
            "alias.#": "1",
            "alias.0.evaluate_target_health": "false",
            "alias.0.name": "dwjelrheir4cw.cloudfront.net",
            "alias.0.zone_id": "Z2FDTNDATAQYW2",
            "fqdn": "cloudresume-agb.jp",
            "health_check_id": "",
            "id": "Z03405071SXF625TZSK71_cloudresume-agb.jp._A_",
            "multivalue_answer_routing_policy": "false",
            "name": "cloudresume-agb.jp",
            "records.#": "0",
            "set_identifier": "",
            "ttl": "0",
            "type": "A",
            "zone_id": "Z03405071SXF625TZSK71"
          },
          "sensitive_attributes": []
        }
      ]
    },
    {
      "mode": "managed",
      "type": "aws_route53_record",
      "name": "tfer--Z03405071SXF625TZSK71_cloudresume-agb-002E-jp-002E-_NS_",
      "provider": "provider[\"registry.terraform.io/hashicorp/aws\"]",
      "instances": [
        {
          "schema_version": 2,
          "attributes_flat": {
            "fqdn": "cloudresume-agb.jp",
            "health_check_id": "",
            "id": "Z03405071SXF625TZSK71_cloudresume-agb.jp._NS_",
            "multivalue_answer_routing_policy": "false",
            "name": "cloudresume-agb.jp",
            "records.#": "4",
            "records.0": "ns-1451.awsdns-53.org.",
            "records.1": "ns-1674.awsdns-17.co.uk.",
            "records.2": "ns-237.awsdns-29.com.",
            "records.3": "ns-541.awsdns-03.net.",
            "set_identifier": "",
            "ttl": "172800",
            "type": "NS",
            "zone_id": "Z03405071SXF625TZSK71"
          },
          "sensitive_attributes": []
        }
      ]
    },
    {
      "mode": "managed",
      "type": "aws_route53_record",
      "name": "tfer--Z03405071SXF625TZSK71_cloudresume-agb-002E-jp-002E-_SOA_",
      "provider": "provider[\"registry.terraform.io/hashicorp/aws\"]",
      "instances": [
        {
          "schema_version": 2,
          "attributes_flat": {
            "fqdn": "cloudresume-agb.jp",
            "health_check_id": "",
            "id": "Z03405071SXF625TZSK71_cloudresume-agb.jp._SOA_",
            "multivalue_answer_routing_policy": "false",
            "name": "cloudresume-agb.jp",
            "records.#": "1",
            "records.0": "ns-541.awsdns-03.net. awsdns-hostmaster.amazon.com. 1 7200 900 1209600 86400",
            "set_identifier": "",
            "ttl": "900",
            "type": "SOA",
            "zone_id": "Z03405071SXF625TZSK71"
          },
          "sensitive_attributes": []
        }
      ]
    },
    {
      "mode": "managed",
      "type": "aws_route53_record",
      "name": "tfer--Z03405071SXF625TZSK71_contact-002E-cloudresume-agb-002E-jp-002E-_MX_",
      "provider": "provider[\"registry.terraform.io/hashicorp/aws\"]",
      "instances": [
        {
          "schema_version": 2,
          "attributes_flat": {
            "fqdn": "contact.cloudresume-agb.jp",
            "health_check_id": "",
            "id": "Z03405071SXF625TZSK71_contact.cloudresume-agb.jp._MX_",
            "multivalue_answer_routing_policy": "false",
            "name": "contact.cloudresume-agb.jp",
            "records.#": "1",
            "records.0": "10 feedback-smtp.ap-northeast-1.amazonses.com",
            "set_identifier": "",
            "ttl": "300",
            "type": "MX",
            "zone_id": "Z03405071SXF625TZSK71"
          },
          "sensitive_attributes": []
        }
      ]
    },
    {
      "mode": "managed",
      "type": "aws_route53_record",
      "name": "tfer--Z03405071SXF625TZSK71_contact-002E-cloudresume-agb-002E-jp-002E-_TXT_",
      "provider": "provider[\"registry.terraform.io/hashicorp/aws\"]",
      "instances": [
        {
          "schema_version": 2,
          "attributes_flat": {
            "fqdn": "contact.cloudresume-agb.jp",
            "health_check_id": "",
            "id": "Z03405071SXF625TZSK71_contact.cloudresume-agb.jp._TXT_",
            "multivalue_answer_routing_policy": "false",
            "name": "contact.cloudresume-agb.jp",
            "records.#": "1",
            "records.0": "v=spf1 include:amazonses.com ~all",
            "set_identifier": "",
            "ttl": "300",
            "type": "TXT",
            "zone_id": "Z03405071SXF625TZSK71"
          },
          "sensitive_attributes": []
        }
      ]
    },
    {
      "mode": "managed",
      "type": "aws_route53_record",
      "name": "tfer--Z03405071SXF625TZSK71_nngjyxusg7376yfuxcrx6h6p4ljavsru-002E-_domainkey-002E-cloudresume-agb-002E-jp-002E-_CNAME_",
      "provider": "provider[\"registry.terraform.io/hashicorp/aws\"]",
      "instances": [
        {
          "schema_version": 2,
          "attributes_flat": {
            "fqdn": "nngjyxusg7376yfuxcrx6h6p4ljavsru._domainkey.cloudresume-agb.jp",
            "health_check_id": "",
            "id": "Z03405071SXF625TZSK71_nngjyxusg7376yfuxcrx6h6p4ljavsru._domainkey.cloudresume-agb.jp._CNAME_",
            "multivalue_answer_routing_policy": "false",
            "name": "nngjyxusg7376yfuxcrx6h6p4ljavsru._domainkey.cloudresume-agb.jp",
            "records.#": "1",
            "records.0": "nngjyxusg7376yfuxcrx6h6p4ljavsru.dkim.amazonses.com",
            "set_identifier": "",
            "ttl": "300",
            "type": "CNAME",
            "zone_id": "Z03405071SXF625TZSK71"
          },
          "sensitive_attributes": []
        }
      ]
    },
    {
      "mode": "managed",
      "type": "aws_route53_record",
      "name": "tfer--Z03405071SXF625TZSK71_s2k3jbjkxqkzok5u2vxthw7gi5deossm-002E-_domainkey-002E-cloudresume-agb-002E-jp-002E-_CNAME_",
      "provider": "provider[\"registry.terraform.io/hashicorp/aws\"]",
      "instances": [
        {
          "schema_version": 2,
          "attributes_flat": {
            "fqdn": "s2k3jbjkxqkzok5u2vxthw7gi5deossm._domainkey.cloudresume-agb.jp",
            "health_check_id": "",
            "id": "Z03405071SXF625TZSK71_s2k3jbjkxqkzok5u2vxthw7gi5deossm._domainkey.cloudresume-agb.jp._CNAME_",
            "multivalue_answer_routing_policy": "false",
            "name": "s2k3jbjkxqkzok5u2vxthw7gi5deossm._domainkey.cloudresume-agb.jp",
            "records.#": "1",
            "records.0": "s2k3jbjkxqkzok5u2vxthw7gi5deossm.dkim.amazonses.com",
            "set_identifier": "",
            "ttl": "300",
            "type": "CNAME",
            "zone_id": "Z03405071SXF625TZSK71"
          },
          "sensitive_attributes": []
        }
      ]
    },
    {
      "mode": "managed",
      "type": "aws_route53_record",
      "name": "tfer--Z03405071SXF625TZSK71_staging-002E-cloudresume-agb-002E-jp-002E-_A_",
      "provider": "provider[\"registry.terraform.io/hashicorp/aws\"]",
      "instances": [
        {
          "schema_version": 2,
          "attributes_flat": {
            "alias.#": "1",
            "alias.0.evaluate_target_health": "false",
            "alias.0.name": "d3bk1gv4z5d6hz.cloudfront.net",
            "alias.0.zone_id": "Z2FDTNDATAQYW2",
            "fqdn": "staging.cloudresume-agb.jp",
            "health_check_id": "",
            "id": "Z03405071SXF625TZSK71_staging.cloudresume-agb.jp._A_",
            "multivalue_answer_routing_policy": "false",
            "name": "staging.cloudresume-agb.jp",
            "records.#": "0",
            "set_identifier": "",
            "ttl": "0",
            "type": "A",
            "zone_id": "Z03405071SXF625TZSK71"
          },
          "sensitive_attributes": []
        }
      ]
    },
    {
      "mode": "managed",
      "type": "aws_route53_record",
      "name": "tfer--Z03405071SXF625TZSK71_www-002E-cloudresume-agb-002E-jp-002E-_A_",
      "provider": "provider[\"registry.terraform.io/hashicorp/aws\"]",
      "instances": [
        {
          "schema_version": 2,
          "attributes_flat": {
            "alias.#": "1",
            "alias.0.evaluate_target_health": "false",
            "alias.0.name": "dwjelrheir4cw.cloudfront.net",
            "alias.0.zone_id": "Z2FDTNDATAQYW2",
            "fqdn": "www.cloudresume-agb.jp",
            "health_check_id": "",
            "id": "Z03405071SXF625TZSK71_www.cloudresume-agb.jp._A_",
            "multivalue_answer_routing_policy": "false",
            "name": "www.cloudresume-agb.jp",
            "records.#": "0",
            "set_identifier": "",
            "ttl": "0",
            "type": "A",
            "zone_id": "Z03405071SXF625TZSK71"
          },
          "sensitive_attributes": []
        }
      ]
    },
    {
      "mode": "managed",
      "type": "aws_route53_zone",
      "name": "tfer--Z03405071SXF625TZSK71_cloudresume-agb-002E-jp",
      "provider": "provider[\"registry.terraform.io/hashicorp/aws\"]",
      "instances": [
        {
          "schema_version": 0,
          "attributes_flat": {
            "arn": "arn:aws:route53:::hostedzone/Z03405071SXF625TZSK71",
            "comment": "Hosted Zone for Cloud Resume Project\nDomain Registered via onamae.com",
            "delegation_set_id": "",
            "force_destroy": "false",
            "id": "Z03405071SXF625TZSK71",
            "name": "cloudresume-agb.jp",
            "name_servers.#": "4",
            "name_servers.0": "ns-1451.awsdns-53.org",
            "name_servers.1": "ns-1674.awsdns-17.co.uk",
            "name_servers.2": "ns-237.awsdns-29.com",
            "name_servers.3": "ns-541.awsdns-03.net",
            "primary_name_server": "ns-541.awsdns-03.net",
            "tags.%": "0",
            "tags_all.%": "0",
            "vpc.#": "0",
            "zone_id": "Z03405071SXF625TZSK71"
          },
          "sensitive_attributes": []
        }
      ]
    }
  ],
  "check_results": null
}
