{
  "version": 4,
  "terraform_version": "1.5.7",
  "serial": 2,
  "lineage": "4ec6630b-b119-fa36-6191-50124473125b",
  "outputs": {
    "aws_ses_configuration_set_crc-ContactFormMailer_id": {
      "value": "ContactFormMailer",
      "type": "string"
    },
    "aws_ses_configuration_set_crc-my-first-configuration-set_id": {
      "value": "my-first-configuration-set",
      "type": "string"
    },
    "aws_ses_domain_identity_crc-cloudresume-agb-002E-jp_id": {
      "value": "cloudresume-agb.jp",
      "type": "string"
    },
    "aws_ses_email_identity_crc-a-002E-bracken87-002B-cloudresume_ses-0040-gmail-002E-com_id": {
      "value": "a.bracken87+cloudresume_ses@gmail.com",
      "type": "string"
    }
  },
  "resources": [
    {
      "mode": "managed",
      "type": "aws_ses_configuration_set",
      "name": "crc-ContactFormMailer",
      "provider": "provider[\"registry.terraform.io/hashicorp/aws\"]",
      "instances": [
        {
          "schema_version": 0,
          "attributes_flat": {
            "arn": "arn:aws:ses:ap-northeast-1:339712851438:configuration-set/ContactFormMailer",
            "delivery_options.#": "1",
            "delivery_options.0.tls_policy": "Require",
            "id": "ContactFormMailer",
            "last_fresh_start": "0001-01-01T00:00:00Z",
            "name": "ContactFormMailer",
            "reputation_metrics_enabled": "false",
            "sending_enabled": "true",
            "tracking_options.#": "1",
            "tracking_options.0.custom_redirect_domain": "contact.cloudresume-agb.jp"
          },
          "sensitive_attributes": []
        }
      ]
    },
    {
      "mode": "managed",
      "type": "aws_ses_configuration_set",
      "name": "crc-my-first-configuration-set",
      "provider": "provider[\"registry.terraform.io/hashicorp/aws\"]",
      "instances": [
        {
          "schema_version": 0,
          "attributes_flat": {
            "arn": "arn:aws:ses:ap-northeast-1:339712851438:configuration-set/my-first-configuration-set",
            "delivery_options.#": "0",
            "id": "my-first-configuration-set",
            "last_fresh_start": "0001-01-01T00:00:00Z",
            "name": "my-first-configuration-set",
            "reputation_metrics_enabled": "true",
            "sending_enabled": "true",
            "tracking_options.#": "0"
          },
          "sensitive_attributes": []
        }
      ]
    },
    {
      "mode": "managed",
      "type": "aws_ses_domain_identity",
      "name": "crc-cloudresume-agb-002E-jp",
      "provider": "provider[\"registry.terraform.io/hashicorp/aws\"]",
      "instances": [
        {
          "schema_version": 0,
          "attributes_flat": {
            "arn": "arn:aws:ses:ap-northeast-1:339712851438:identity/cloudresume-agb.jp",
            "domain": "cloudresume-agb.jp",
            "id": "cloudresume-agb.jp",
            "verification_token": "/QL6Vkojg0jqbCgiLUtcG7z0vCdU9Nd5xaZZ78uwnoo="
          },
          "sensitive_attributes": []
        }
      ]
    },
    {
      "mode": "managed",
      "type": "aws_ses_email_identity",
      "name": "crc-a-002E-bracken87-002B-cloudresume_ses-0040-gmail-002E-com",
      "provider": "provider[\"registry.terraform.io/hashicorp/aws\"]",
      "instances": [
        {
          "schema_version": 0,
          "attributes_flat": {
            "arn": "arn:aws:ses:ap-northeast-1:339712851438:identity/a.bracken87+cloudresume_ses@gmail.com",
            "email": "a.bracken87+cloudresume_ses@gmail.com",
            "id": "a.bracken87+cloudresume_ses@gmail.com"
          },
          "sensitive_attributes": []
        }
      ]
    }
  ],
  "check_results": null
}
