{
  "version": 4,
  "terraform_version": "1.5.7",
  "serial": 1,
  "lineage": "76a7ec12-76cc-7718-9485-e91da7ffc631",
  "outputs": {
    "aws_cloudfront_cache_policy_tfer--08627262-05a9-4f76-9ded-b50ca2e3a84f_id": {
      "value": "08627262-05a9-4f76-9ded-b50ca2e3a84f",
      "type": "string"
    },
    "aws_cloudfront_cache_policy_tfer--1c6db51a-a33f-469a-8245-dae26771f530_id": {
      "value": "1c6db51a-a33f-469a-8245-dae26771f530",
      "type": "string"
    },
    "aws_cloudfront_cache_policy_tfer--2e54312d-136d-493c-8eb9-b001f22f67d2_id": {
      "value": "2e54312d-136d-493c-8eb9-b001f22f67d2",
      "type": "string"
    },
    "aws_cloudfront_cache_policy_tfer--4135ea2d-6df8-44a3-9df3-4b5a84be39ad_id": {
      "value": "4135ea2d-6df8-44a3-9df3-4b5a84be39ad",
      "type": "string"
    },
    "aws_cloudfront_cache_policy_tfer--4cc15a8a-d715-48a4-82b8-cc0b614638fe_id": {
      "value": "4cc15a8a-d715-48a4-82b8-cc0b614638fe",
      "type": "string"
    },
    "aws_cloudfront_cache_policy_tfer--4d1d2f1d-3a71-49ad-9e08-7ea5d843a556_id": {
      "value": "4d1d2f1d-3a71-49ad-9e08-7ea5d843a556",
      "type": "string"
    },
    "aws_cloudfront_cache_policy_tfer--658327ea-f89d-4fab-a63d-7e88639e58f6_id": {
      "value": "658327ea-f89d-4fab-a63d-7e88639e58f6",
      "type": "string"
    },
    "aws_cloudfront_cache_policy_tfer--7e5fad67-ee98-4ad0-b05a-394999eefc1a_id": {
      "value": "7e5fad67-ee98-4ad0-b05a-394999eefc1a",
      "type": "string"
    },
    "aws_cloudfront_cache_policy_tfer--83da9c7e-98b4-4e11-a168-04f0df8e2c65_id": {
      "value": "83da9c7e-98b4-4e11-a168-04f0df8e2c65",
      "type": "string"
    },
    "aws_cloudfront_cache_policy_tfer--a6bad946-36c3-4c33-aa98-362c74a7fb13_id": {
      "value": "a6bad946-36c3-4c33-aa98-362c74a7fb13",
      "type": "string"
    },
    "aws_cloudfront_cache_policy_tfer--b2884449-e4de-46a7-ac36-70bc7f1ddd6d_id": {
      "value": "b2884449-e4de-46a7-ac36-70bc7f1ddd6d",
      "type": "string"
    },
    "aws_cloudfront_distribution_tfer--E37NSQHT5FF2XS_id": {
      "value": "E37NSQHT5FF2XS",
      "type": "string"
    },
    "aws_cloudfront_distribution_tfer--ESAPTUQ4RL7CE_id": {
      "value": "ESAPTUQ4RL7CE",
      "type": "string"
    }
  },
  "resources": [
    {
      "mode": "managed",
      "type": "aws_cloudfront_cache_policy",
      "name": "tfer--08627262-05a9-4f76-9ded-b50ca2e3a84f",
      "provider": "provider[\"registry.terraform.io/-/aws\"]",
      "instances": [
        {
          "schema_version": 0,
          "attributes_flat": {
            "comment": "Policy for Elemental MediaPackage Origin",
            "default_ttl": "86400",
            "etag": "E23ZP02F085DFQ",
            "id": "08627262-05a9-4f76-9ded-b50ca2e3a84f",
            "max_ttl": "31536000",
            "min_ttl": "0",
            "name": "Managed-Elemental-MediaPackage",
            "parameters_in_cache_key_and_forwarded_to_origin.#": "1",
            "parameters_in_cache_key_and_forwarded_to_origin.0.cookies_config.#": "1",
            "parameters_in_cache_key_and_forwarded_to_origin.0.cookies_config.0.cookie_behavior": "none",
            "parameters_in_cache_key_and_forwarded_to_origin.0.cookies_config.0.cookies.#": "0",
            "parameters_in_cache_key_and_forwarded_to_origin.0.enable_accept_encoding_brotli": "false",
            "parameters_in_cache_key_and_forwarded_to_origin.0.enable_accept_encoding_gzip": "true",
            "parameters_in_cache_key_and_forwarded_to_origin.0.headers_config.#": "1",
            "parameters_in_cache_key_and_forwarded_to_origin.0.headers_config.0.header_behavior": "whitelist",
            "parameters_in_cache_key_and_forwarded_to_origin.0.headers_config.0.headers.#": "1",
            "parameters_in_cache_key_and_forwarded_to_origin.0.headers_config.0.headers.0.items.#": "1",
            "parameters_in_cache_key_and_forwarded_to_origin.0.headers_config.0.headers.0.items.0": "origin",
            "parameters_in_cache_key_and_forwarded_to_origin.0.query_strings_config.#": "1",
            "parameters_in_cache_key_and_forwarded_to_origin.0.query_strings_config.0.query_string_behavior": "whitelist",
            "parameters_in_cache_key_and_forwarded_to_origin.0.query_strings_config.0.query_strings.#": "1",
            "parameters_in_cache_key_and_forwarded_to_origin.0.query_strings_config.0.query_strings.0.items.#": "4",
            "parameters_in_cache_key_and_forwarded_to_origin.0.query_strings_config.0.query_strings.0.items.0": "aws.manifestfilter",
            "parameters_in_cache_key_and_forwarded_to_origin.0.query_strings_config.0.query_strings.0.items.1": "end",
            "parameters_in_cache_key_and_forwarded_to_origin.0.query_strings_config.0.query_strings.0.items.2": "m",
            "parameters_in_cache_key_and_forwarded_to_origin.0.query_strings_config.0.query_strings.0.items.3": "start"
          },
          "sensitive_attributes": []
        }
      ]
    },
    {
      "mode": "managed",
      "type": "aws_cloudfront_cache_policy",
      "name": "tfer--1c6db51a-a33f-469a-8245-dae26771f530",
      "provider": "provider[\"registry.terraform.io/-/aws\"]",
      "instances": [
        {
          "schema_version": 0,
          "attributes_flat": {
            "comment": "Amplify cache policy for image optimization",
            "default_ttl": "0",
            "etag": "E23ZP02F085DFQ",
            "id": "1c6db51a-a33f-469a-8245-dae26771f530",
            "max_ttl": "31536000",
            "min_ttl": "0",
            "name": "Managed-Amplify-ImageOptimization",
            "parameters_in_cache_key_and_forwarded_to_origin.#": "1",
            "parameters_in_cache_key_and_forwarded_to_origin.0.cookies_config.#": "1",
            "parameters_in_cache_key_and_forwarded_to_origin.0.cookies_config.0.cookie_behavior": "none",
            "parameters_in_cache_key_and_forwarded_to_origin.0.cookies_config.0.cookies.#": "0",
            "parameters_in_cache_key_and_forwarded_to_origin.0.enable_accept_encoding_brotli": "true",
            "parameters_in_cache_key_and_forwarded_to_origin.0.enable_accept_encoding_gzip": "true",
            "parameters_in_cache_key_and_forwarded_to_origin.0.headers_config.#": "1",
            "parameters_in_cache_key_and_forwarded_to_origin.0.headers_config.0.header_behavior": "whitelist",
            "parameters_in_cache_key_and_forwarded_to_origin.0.headers_config.0.headers.#": "1",
            "parameters_in_cache_key_and_forwarded_to_origin.0.headers_config.0.headers.0.items.#": "3",
            "parameters_in_cache_key_and_forwarded_to_origin.0.headers_config.0.headers.0.items.0": "Accept",
            "parameters_in_cache_key_and_forwarded_to_origin.0.headers_config.0.headers.0.items.1": "Authorization",
            "parameters_in_cache_key_and_forwarded_to_origin.0.headers_config.0.headers.0.items.2": "Host",
            "parameters_in_cache_key_and_forwarded_to_origin.0.query_strings_config.#": "1",
            "parameters_in_cache_key_and_forwarded_to_origin.0.query_strings_config.0.query_string_behavior": "all",
            "parameters_in_cache_key_and_forwarded_to_origin.0.query_strings_config.0.query_strings.#": "0"
          },
          "sensitive_attributes": []
        }
      ]
    },
    {
      "mode": "managed",
      "type": "aws_cloudfront_cache_policy",
      "name": "tfer--2e54312d-136d-493c-8eb9-b001f22f67d2",
      "provider": "provider[\"registry.terraform.io/-/aws\"]",
      "instances": [
        {
          "schema_version": 0,
          "attributes_flat": {
            "comment": "Policy for Amplify Origin",
            "default_ttl": "2",
            "etag": "E23ZP02F085DFQ",
            "id": "2e54312d-136d-493c-8eb9-b001f22f67d2",
            "max_ttl": "600",
            "min_ttl": "2",
            "name": "Managed-Amplify",
            "parameters_in_cache_key_and_forwarded_to_origin.#": "1",
            "parameters_in_cache_key_and_forwarded_to_origin.0.cookies_config.#": "1",
            "parameters_in_cache_key_and_forwarded_to_origin.0.cookies_config.0.cookie_behavior": "all",
            "parameters_in_cache_key_and_forwarded_to_origin.0.cookies_config.0.cookies.#": "0",
            "parameters_in_cache_key_and_forwarded_to_origin.0.enable_accept_encoding_brotli": "true",
            "parameters_in_cache_key_and_forwarded_to_origin.0.enable_accept_encoding_gzip": "true",
            "parameters_in_cache_key_and_forwarded_to_origin.0.headers_config.#": "1",
            "parameters_in_cache_key_and_forwarded_to_origin.0.headers_config.0.header_behavior": "whitelist",
            "parameters_in_cache_key_and_forwarded_to_origin.0.headers_config.0.headers.#": "1",
            "parameters_in_cache_key_and_forwarded_to_origin.0.headers_config.0.headers.0.items.#": "3",
            "parameters_in_cache_key_and_forwarded_to_origin.0.headers_config.0.headers.0.items.0": "Authorization",
            "parameters_in_cache_key_and_forwarded_to_origin.0.headers_config.0.headers.0.items.1": "CloudFront-Viewer-Country",
            "parameters_in_cache_key_and_forwarded_to_origin.0.headers_config.0.headers.0.items.2": "Host",
            "parameters_in_cache_key_and_forwarded_to_origin.0.query_strings_config.#": "1",
            "parameters_in_cache_key_and_forwarded_to_origin.0.query_strings_config.0.query_string_behavior": "all",
            "parameters_in_cache_key_and_forwarded_to_origin.0.query_strings_config.0.query_strings.#": "0"
          },
          "sensitive_attributes": []
        }
      ]
    },
    {
      "mode": "managed",
      "type": "aws_cloudfront_cache_policy",
      "name": "tfer--4135ea2d-6df8-44a3-9df3-4b5a84be39ad",
      "provider": "provider[\"registry.terraform.io/-/aws\"]",
      "instances": [
        {
          "schema_version": 0,
          "attributes_flat": {
            "comment": "Policy with caching disabled",
            "default_ttl": "0",
            "etag": "E23ZP02F085DFQ",
            "id": "4135ea2d-6df8-44a3-9df3-4b5a84be39ad",
            "max_ttl": "0",
            "min_ttl": "0",
            "name": "Managed-CachingDisabled",
            "parameters_in_cache_key_and_forwarded_to_origin.#": "1",
            "parameters_in_cache_key_and_forwarded_to_origin.0.cookies_config.#": "1",
            "parameters_in_cache_key_and_forwarded_to_origin.0.cookies_config.0.cookie_behavior": "none",
            "parameters_in_cache_key_and_forwarded_to_origin.0.cookies_config.0.cookies.#": "0",
            "parameters_in_cache_key_and_forwarded_to_origin.0.enable_accept_encoding_brotli": "false",
            "parameters_in_cache_key_and_forwarded_to_origin.0.enable_accept_encoding_gzip": "false",
            "parameters_in_cache_key_and_forwarded_to_origin.0.headers_config.#": "1",
            "parameters_in_cache_key_and_forwarded_to_origin.0.headers_config.0.header_behavior": "none",
            "parameters_in_cache_key_and_forwarded_to_origin.0.headers_config.0.headers.#": "0",
            "parameters_in_cache_key_and_forwarded_to_origin.0.query_strings_config.#": "1",
            "parameters_in_cache_key_and_forwarded_to_origin.0.query_strings_config.0.query_string_behavior": "none",
            "parameters_in_cache_key_and_forwarded_to_origin.0.query_strings_config.0.query_strings.#": "0"
          },
          "sensitive_attributes": []
        }
      ]
    },
    {
      "mode": "managed",
      "type": "aws_cloudfront_cache_policy",
      "name": "tfer--4cc15a8a-d715-48a4-82b8-cc0b614638fe",
      "provider": "provider[\"registry.terraform.io/-/aws\"]",
      "instances": [
        {
          "schema_version": 0,
          "attributes_flat": {
            "comment": "Policy for origins that return Cache-Control headers and serve different content based on values present in the query string.",
            "default_ttl": "0",
            "etag": "E23ZP02F085DFQ",
            "id": "4cc15a8a-d715-48a4-82b8-cc0b614638fe",
            "max_ttl": "31536000",
            "min_ttl": "0",
            "name": "UseOriginCacheControlHeaders-QueryStrings",
            "parameters_in_cache_key_and_forwarded_to_origin.#": "1",
            "parameters_in_cache_key_and_forwarded_to_origin.0.cookies_config.#": "1",
            "parameters_in_cache_key_and_forwarded_to_origin.0.cookies_config.0.cookie_behavior": "all",
            "parameters_in_cache_key_and_forwarded_to_origin.0.cookies_config.0.cookies.#": "0",
            "parameters_in_cache_key_and_forwarded_to_origin.0.enable_accept_encoding_brotli": "true",
            "parameters_in_cache_key_and_forwarded_to_origin.0.enable_accept_encoding_gzip": "true",
            "parameters_in_cache_key_and_forwarded_to_origin.0.headers_config.#": "1",
            "parameters_in_cache_key_and_forwarded_to_origin.0.headers_config.0.header_behavior": "whitelist",
            "parameters_in_cache_key_and_forwarded_to_origin.0.headers_config.0.headers.#": "1",
            "parameters_in_cache_key_and_forwarded_to_origin.0.headers_config.0.headers.0.items.#": "5",
            "parameters_in_cache_key_and_forwarded_to_origin.0.headers_config.0.headers.0.items.0": "host",
            "parameters_in_cache_key_and_forwarded_to_origin.0.headers_config.0.headers.0.items.1": "origin",
            "parameters_in_cache_key_and_forwarded_to_origin.0.headers_config.0.headers.0.items.2": "x-http-method",
            "parameters_in_cache_key_and_forwarded_to_origin.0.headers_config.0.headers.0.items.3": "x-http-method-override",
            "parameters_in_cache_key_and_forwarded_to_origin.0.headers_config.0.headers.0.items.4": "x-method-override",
            "parameters_in_cache_key_and_forwarded_to_origin.0.query_strings_config.#": "1",
            "parameters_in_cache_key_and_forwarded_to_origin.0.query_strings_config.0.query_string_behavior": "all",
            "parameters_in_cache_key_and_forwarded_to_origin.0.query_strings_config.0.query_strings.#": "0"
          },
          "sensitive_attributes": []
        }
      ]
    },
    {
      "mode": "managed",
      "type": "aws_cloudfront_cache_policy",
      "name": "tfer--4d1d2f1d-3a71-49ad-9e08-7ea5d843a556",
      "provider": "provider[\"registry.terraform.io/-/aws\"]",
      "instances": [
        {
          "schema_version": 0,
          "attributes_flat": {
            "comment": "Default Amplify cache policy",
            "default_ttl": "0",
            "etag": "E23ZP02F085DFQ",
            "id": "4d1d2f1d-3a71-49ad-9e08-7ea5d843a556",
            "max_ttl": "31536000",
            "min_ttl": "0",
            "name": "Managed-Amplify-Default",
            "parameters_in_cache_key_and_forwarded_to_origin.#": "1",
            "parameters_in_cache_key_and_forwarded_to_origin.0.cookies_config.#": "1",
            "parameters_in_cache_key_and_forwarded_to_origin.0.cookies_config.0.cookie_behavior": "all",
            "parameters_in_cache_key_and_forwarded_to_origin.0.cookies_config.0.cookies.#": "0",
            "parameters_in_cache_key_and_forwarded_to_origin.0.enable_accept_encoding_brotli": "true",
            "parameters_in_cache_key_and_forwarded_to_origin.0.enable_accept_encoding_gzip": "true",
            "parameters_in_cache_key_and_forwarded_to_origin.0.headers_config.#": "1",
            "parameters_in_cache_key_and_forwarded_to_origin.0.headers_config.0.header_behavior": "whitelist",
            "parameters_in_cache_key_and_forwarded_to_origin.0.headers_config.0.headers.#": "1",
            "parameters_in_cache_key_and_forwarded_to_origin.0.headers_config.0.headers.0.items.#": "4",
            "parameters_in_cache_key_and_forwarded_to_origin.0.headers_config.0.headers.0.items.0": "Accept",
            "parameters_in_cache_key_and_forwarded_to_origin.0.headers_config.0.headers.0.items.1": "Authorization",
            "parameters_in_cache_key_and_forwarded_to_origin.0.headers_config.0.headers.0.items.2": "CloudFront-Viewer-Country",
            "parameters_in_cache_key_and_forwarded_to_origin.0.headers_config.0.headers.0.items.3": "Host",
            "parameters_in_cache_key_and_forwarded_to_origin.0.query_strings_config.#": "1",
            "parameters_in_cache_key_and_forwarded_to_origin.0.query_strings_config.0.query_string_behavior": "all",
            "parameters_in_cache_key_and_forwarded_to_origin.0.query_strings_config.0.query_strings.#": "0"
          },
          "sensitive_attributes": []
        }
      ]
    },
    {
      "mode": "managed",
      "type": "aws_cloudfront_cache_policy",
      "name": "tfer--658327ea-f89d-4fab-a63d-7e88639e58f6",
      "provider": "provider[\"registry.terraform.io/-/aws\"]",
      "instances": [
        {
          "schema_version": 0,
          "attributes_flat": {
            "comment": "Policy with caching enabled. Supports Gzip and Brotli compression.",
            "default_ttl": "86400",
            "etag": "E23ZP02F085DFQ",
            "id": "658327ea-f89d-4fab-a63d-7e88639e58f6",
            "max_ttl": "31536000",
            "min_ttl": "1",
            "name": "Managed-CachingOptimized",
            "parameters_in_cache_key_and_forwarded_to_origin.#": "1",
            "parameters_in_cache_key_and_forwarded_to_origin.0.cookies_config.#": "1",
            "parameters_in_cache_key_and_forwarded_to_origin.0.cookies_config.0.cookie_behavior": "none",
            "parameters_in_cache_key_and_forwarded_to_origin.0.cookies_config.0.cookies.#": "0",
            "parameters_in_cache_key_and_forwarded_to_origin.0.enable_accept_encoding_brotli": "true",
            "parameters_in_cache_key_and_forwarded_to_origin.0.enable_accept_encoding_gzip": "true",
            "parameters_in_cache_key_and_forwarded_to_origin.0.headers_config.#": "1",
            "parameters_in_cache_key_and_forwarded_to_origin.0.headers_config.0.header_behavior": "none",
            "parameters_in_cache_key_and_forwarded_to_origin.0.headers_config.0.headers.#": "0",
            "parameters_in_cache_key_and_forwarded_to_origin.0.query_strings_config.#": "1",
            "parameters_in_cache_key_and_forwarded_to_origin.0.query_strings_config.0.query_string_behavior": "none",
            "parameters_in_cache_key_and_forwarded_to_origin.0.query_strings_config.0.query_strings.#": "0"
          },
          "sensitive_attributes": []
        }
      ]
    },
    {
      "mode": "managed",
      "type": "aws_cloudfront_cache_policy",
      "name": "tfer--7e5fad67-ee98-4ad0-b05a-394999eefc1a",
      "provider": "provider[\"registry.terraform.io/-/aws\"]",
      "instances": [
        {
          "schema_version": 0,
          "attributes_flat": {
            "comment": "Amplify cache policy for static content",
            "default_ttl": "0",
            "etag": "E23ZP02F085DFQ",
            "id": "7e5fad67-ee98-4ad0-b05a-394999eefc1a",
            "max_ttl": "31536000",
            "min_ttl": "0",
            "name": "Managed-Amplify-StaticContent",
            "parameters_in_cache_key_and_forwarded_to_origin.#": "1",
            "parameters_in_cache_key_and_forwarded_to_origin.0.cookies_config.#": "1",
            "parameters_in_cache_key_and_forwarded_to_origin.0.cookies_config.0.cookie_behavior": "none",
            "parameters_in_cache_key_and_forwarded_to_origin.0.cookies_config.0.cookies.#": "0",
            "parameters_in_cache_key_and_forwarded_to_origin.0.enable_accept_encoding_brotli": "true",
            "parameters_in_cache_key_and_forwarded_to_origin.0.enable_accept_encoding_gzip": "true",
            "parameters_in_cache_key_and_forwarded_to_origin.0.headers_config.#": "1",
            "parameters_in_cache_key_and_forwarded_to_origin.0.headers_config.0.header_behavior": "whitelist",
            "parameters_in_cache_key_and_forwarded_to_origin.0.headers_config.0.headers.#": "1",
            "parameters_in_cache_key_and_forwarded_to_origin.0.headers_config.0.headers.0.items.#": "2",
            "parameters_in_cache_key_and_forwarded_to_origin.0.headers_config.0.headers.0.items.0": "Authorization",
            "parameters_in_cache_key_and_forwarded_to_origin.0.headers_config.0.headers.0.items.1": "Host",
            "parameters_in_cache_key_and_forwarded_to_origin.0.query_strings_config.#": "1",
            "parameters_in_cache_key_and_forwarded_to_origin.0.query_strings_config.0.query_string_behavior": "none",
            "parameters_in_cache_key_and_forwarded_to_origin.0.query_strings_config.0.query_strings.#": "0"
          },
          "sensitive_attributes": []
        }
      ]
    },
    {
      "mode": "managed",
      "type": "aws_cloudfront_cache_policy",
      "name": "tfer--83da9c7e-98b4-4e11-a168-04f0df8e2c65",
      "provider": "provider[\"registry.terraform.io/-/aws\"]",
      "instances": [
        {
          "schema_version": 0,
          "attributes_flat": {
            "comment": "Policy for origins that return Cache-Control headers. Query strings are not included in the cache key.",
            "default_ttl": "0",
            "etag": "E23ZP02F085DFQ",
            "id": "83da9c7e-98b4-4e11-a168-04f0df8e2c65",
            "max_ttl": "31536000",
            "min_ttl": "0",
            "name": "UseOriginCacheControlHeaders",
            "parameters_in_cache_key_and_forwarded_to_origin.#": "1",
            "parameters_in_cache_key_and_forwarded_to_origin.0.cookies_config.#": "1",
            "parameters_in_cache_key_and_forwarded_to_origin.0.cookies_config.0.cookie_behavior": "all",
            "parameters_in_cache_key_and_forwarded_to_origin.0.cookies_config.0.cookies.#": "0",
            "parameters_in_cache_key_and_forwarded_to_origin.0.enable_accept_encoding_brotli": "true",
            "parameters_in_cache_key_and_forwarded_to_origin.0.enable_accept_encoding_gzip": "true",
            "parameters_in_cache_key_and_forwarded_to_origin.0.headers_config.#": "1",
            "parameters_in_cache_key_and_forwarded_to_origin.0.headers_config.0.header_behavior": "whitelist",
            "parameters_in_cache_key_and_forwarded_to_origin.0.headers_config.0.headers.#": "1",
            "parameters_in_cache_key_and_forwarded_to_origin.0.headers_config.0.headers.0.items.#": "5",
            "parameters_in_cache_key_and_forwarded_to_origin.0.headers_config.0.headers.0.items.0": "host",
            "parameters_in_cache_key_and_forwarded_to_origin.0.headers_config.0.headers.0.items.1": "origin",
            "parameters_in_cache_key_and_forwarded_to_origin.0.headers_config.0.headers.0.items.2": "x-http-method",
            "parameters_in_cache_key_and_forwarded_to_origin.0.headers_config.0.headers.0.items.3": "x-http-method-override",
            "parameters_in_cache_key_and_forwarded_to_origin.0.headers_config.0.headers.0.items.4": "x-method-override",
            "parameters_in_cache_key_and_forwarded_to_origin.0.query_strings_config.#": "1",
            "parameters_in_cache_key_and_forwarded_to_origin.0.query_strings_config.0.query_string_behavior": "none",
            "parameters_in_cache_key_and_forwarded_to_origin.0.query_strings_config.0.query_strings.#": "0"
          },
          "sensitive_attributes": []
        }
      ]
    },
    {
      "mode": "managed",
      "type": "aws_cloudfront_cache_policy",
      "name": "tfer--a6bad946-36c3-4c33-aa98-362c74a7fb13",
      "provider": "provider[\"registry.terraform.io/-/aws\"]",
      "instances": [
        {
          "schema_version": 0,
          "attributes_flat": {
            "comment": "Default Amplify cache policy without cookies",
            "default_ttl": "0",
            "etag": "E23ZP02F085DFQ",
            "id": "a6bad946-36c3-4c33-aa98-362c74a7fb13",
            "max_ttl": "31536000",
            "min_ttl": "0",
            "name": "Managed-Amplify-DefaultNoCookies",
            "parameters_in_cache_key_and_forwarded_to_origin.#": "1",
            "parameters_in_cache_key_and_forwarded_to_origin.0.cookies_config.#": "1",
            "parameters_in_cache_key_and_forwarded_to_origin.0.cookies_config.0.cookie_behavior": "none",
            "parameters_in_cache_key_and_forwarded_to_origin.0.cookies_config.0.cookies.#": "0",
            "parameters_in_cache_key_and_forwarded_to_origin.0.enable_accept_encoding_brotli": "true",
            "parameters_in_cache_key_and_forwarded_to_origin.0.enable_accept_encoding_gzip": "true",
            "parameters_in_cache_key_and_forwarded_to_origin.0.headers_config.#": "1",
            "parameters_in_cache_key_and_forwarded_to_origin.0.headers_config.0.header_behavior": "whitelist",
            "parameters_in_cache_key_and_forwarded_to_origin.0.headers_config.0.headers.#": "1",
            "parameters_in_cache_key_and_forwarded_to_origin.0.headers_config.0.headers.0.items.#": "4",
            "parameters_in_cache_key_and_forwarded_to_origin.0.headers_config.0.headers.0.items.0": "Accept",
            "parameters_in_cache_key_and_forwarded_to_origin.0.headers_config.0.headers.0.items.1": "Authorization",
            "parameters_in_cache_key_and_forwarded_to_origin.0.headers_config.0.headers.0.items.2": "CloudFront-Viewer-Country",
            "parameters_in_cache_key_and_forwarded_to_origin.0.headers_config.0.headers.0.items.3": "Host",
            "parameters_in_cache_key_and_forwarded_to_origin.0.query_strings_config.#": "1",
            "parameters_in_cache_key_and_forwarded_to_origin.0.query_strings_config.0.query_string_behavior": "all",
            "parameters_in_cache_key_and_forwarded_to_origin.0.query_strings_config.0.query_strings.#": "0"
          },
          "sensitive_attributes": []
        }
      ]
    },
    {
      "mode": "managed",
      "type": "aws_cloudfront_cache_policy",
      "name": "tfer--b2884449-e4de-46a7-ac36-70bc7f1ddd6d",
      "provider": "provider[\"registry.terraform.io/-/aws\"]",
      "instances": [
        {
          "schema_version": 0,
          "attributes_flat": {
            "comment": "Default policy when compression is disabled",
            "default_ttl": "86400",
            "etag": "E23ZP02F085DFQ",
            "id": "b2884449-e4de-46a7-ac36-70bc7f1ddd6d",
            "max_ttl": "31536000",
            "min_ttl": "1",
            "name": "Managed-CachingOptimizedForUncompressedObjects",
            "parameters_in_cache_key_and_forwarded_to_origin.#": "1",
            "parameters_in_cache_key_and_forwarded_to_origin.0.cookies_config.#": "1",
            "parameters_in_cache_key_and_forwarded_to_origin.0.cookies_config.0.cookie_behavior": "none",
            "parameters_in_cache_key_and_forwarded_to_origin.0.cookies_config.0.cookies.#": "0",
            "parameters_in_cache_key_and_forwarded_to_origin.0.enable_accept_encoding_brotli": "false",
            "parameters_in_cache_key_and_forwarded_to_origin.0.enable_accept_encoding_gzip": "false",
            "parameters_in_cache_key_and_forwarded_to_origin.0.headers_config.#": "1",
            "parameters_in_cache_key_and_forwarded_to_origin.0.headers_config.0.header_behavior": "none",
            "parameters_in_cache_key_and_forwarded_to_origin.0.headers_config.0.headers.#": "0",
            "parameters_in_cache_key_and_forwarded_to_origin.0.query_strings_config.#": "1",
            "parameters_in_cache_key_and_forwarded_to_origin.0.query_strings_config.0.query_string_behavior": "none",
            "parameters_in_cache_key_and_forwarded_to_origin.0.query_strings_config.0.query_strings.#": "0"
          },
          "sensitive_attributes": []
        }
      ]
    },
    {
      "mode": "managed",
      "type": "aws_cloudfront_distribution",
      "name": "tfer--E37NSQHT5FF2XS",
      "provider": "provider[\"registry.terraform.io/-/aws\"]",
      "instances": [
        {
          "schema_version": 1,
          "attributes_flat": {
            "aliases.#": "1",
            "aliases.0": "staging.cloudresume-agb.jp",
            "arn": "arn:aws:cloudfront::339712851438:distribution/E37NSQHT5FF2XS",
            "caller_reference": "7d0794de-85bc-4816-8a27-054ddc987322",
            "comment": "Staging Distribution for Cloud Resume Challenge",
            "continuous_deployment_policy_id": "",
            "custom_error_response.#": "0",
            "default_cache_behavior.#": "1",
            "default_cache_behavior.0.allowed_methods.#": "2",
            "default_cache_behavior.0.allowed_methods.0": "GET",
            "default_cache_behavior.0.allowed_methods.1": "HEAD",
            "default_cache_behavior.0.cache_policy_id": "658327ea-f89d-4fab-a63d-7e88639e58f6",
            "default_cache_behavior.0.cached_methods.#": "2",
            "default_cache_behavior.0.cached_methods.0": "GET",
            "default_cache_behavior.0.cached_methods.1": "HEAD",
            "default_cache_behavior.0.compress": "true",
            "default_cache_behavior.0.default_ttl": "0",
            "default_cache_behavior.0.field_level_encryption_id": "",
            "default_cache_behavior.0.forwarded_values.#": "0",
            "default_cache_behavior.0.function_association.#": "1",
            "default_cache_behavior.0.function_association.0.event_type": "viewer-request",
            "default_cache_behavior.0.function_association.0.function_arn": "arn:aws:cloudfront::339712851438:function/StagingAuthorization",
            "default_cache_behavior.0.lambda_function_association.#": "0",
            "default_cache_behavior.0.max_ttl": "0",
            "default_cache_behavior.0.min_ttl": "0",
            "default_cache_behavior.0.origin_request_policy_id": "",
            "default_cache_behavior.0.realtime_log_config_arn": "",
            "default_cache_behavior.0.response_headers_policy_id": "",
            "default_cache_behavior.0.smooth_streaming": "false",
            "default_cache_behavior.0.target_origin_id": "agb-s3-cloudresumechallenge-staging.s3-website-ap-northeast-1.amazonaws.com",
            "default_cache_behavior.0.trusted_key_groups.#": "0",
            "default_cache_behavior.0.trusted_signers.#": "0",
            "default_cache_behavior.0.viewer_protocol_policy": "redirect-to-https",
            "default_root_object": "",
            "domain_name": "d3bk1gv4z5d6hz.cloudfront.net",
            "enabled": "true",
            "etag": "E2AD1F87DW5GP",
            "hosted_zone_id": "Z2FDTNDATAQYW2",
            "http_version": "http2",
            "id": "E37NSQHT5FF2XS",
            "in_progress_validation_batches": "0",
            "is_ipv6_enabled": "true",
            "last_modified_time": "2024-06-05 03:11:09.331 +0000 UTC",
            "logging_config.#": "1",
            "logging_config.0.bucket": "agb-s3-cloudresumechallenge-logging.s3.amazonaws.com",
            "logging_config.0.include_cookies": "false",
            "logging_config.0.prefix": "cf_crc_staging/",
            "ordered_cache_behavior.#": "0",
            "origin.#": "1",
            "origin.0.connection_attempts": "3",
            "origin.0.connection_timeout": "10",
            "origin.0.custom_header.#": "0",
            "origin.0.custom_origin_config.#": "1",
            "origin.0.custom_origin_config.0.http_port": "80",
            "origin.0.custom_origin_config.0.https_port": "443",
            "origin.0.custom_origin_config.0.origin_keepalive_timeout": "5",
            "origin.0.custom_origin_config.0.origin_protocol_policy": "http-only",
            "origin.0.custom_origin_config.0.origin_read_timeout": "30",
            "origin.0.custom_origin_config.0.origin_ssl_protocols.#": "4",
            "origin.0.custom_origin_config.0.origin_ssl_protocols.0": "SSLv3",
            "origin.0.custom_origin_config.0.origin_ssl_protocols.1": "TLSv1",
            "origin.0.custom_origin_config.0.origin_ssl_protocols.2": "TLSv1.1",
            "origin.0.custom_origin_config.0.origin_ssl_protocols.3": "TLSv1.2",
            "origin.0.domain_name": "agb-s3-cloudresumechallenge-staging.s3-website-ap-northeast-1.amazonaws.com",
            "origin.0.origin_access_control_id": "",
            "origin.0.origin_id": "agb-s3-cloudresumechallenge-staging.s3-website-ap-northeast-1.amazonaws.com",
            "origin.0.origin_path": "",
            "origin.0.origin_shield.#": "1",
            "origin.0.origin_shield.0.enabled": "true",
            "origin.0.origin_shield.0.origin_shield_region": "ap-northeast-1",
            "origin.0.s3_origin_config.#": "0",
            "price_class": "PriceClass_All",
            "restrictions.#": "1",
            "restrictions.0.geo_restriction.#": "1",
            "restrictions.0.geo_restriction.0.locations.#": "0",
            "restrictions.0.geo_restriction.0.restriction_type": "none",
            "retain_on_delete": "false",
            "staging": "false",
            "status": "Deployed",
            "tags.%": "0",
            "tags_all.%": "0",
            "trusted_key_groups.#": "1",
            "trusted_key_groups.0.enabled": "false",
            "trusted_key_groups.0.items.#": "0",
            "trusted_signers.#": "1",
            "trusted_signers.0.enabled": "false",
            "trusted_signers.0.items.#": "0",
            "viewer_certificate.#": "1",
            "viewer_certificate.0.acm_certificate_arn": "arn:aws:acm:us-east-1:339712851438:certificate/d2c204b7-bb92-437a-b2d8-a9dcd55aea97",
            "viewer_certificate.0.cloudfront_default_certificate": "false",
            "viewer_certificate.0.iam_certificate_id": "",
            "viewer_certificate.0.minimum_protocol_version": "TLSv1.2_2021",
            "viewer_certificate.0.ssl_support_method": "sni-only",
            "web_acl_id": "arn:aws:wafv2:us-east-1:339712851438:global/webacl/CloudResume-WebACL/c38b9d17-1bdf-4d05-ad66-edee4866bbbc"
          },
          "sensitive_attributes": []
        }
      ]
    },
    {
      "mode": "managed",
      "type": "aws_cloudfront_distribution",
      "name": "tfer--ESAPTUQ4RL7CE",
      "provider": "provider[\"registry.terraform.io/-/aws\"]",
      "instances": [
        {
          "schema_version": 1,
          "attributes_flat": {
            "aliases.#": "2",
            "aliases.0": "*.cloudresume-agb.jp",
            "aliases.1": "www.cloudresume-agb.jp",
            "arn": "arn:aws:cloudfront::339712851438:distribution/ESAPTUQ4RL7CE",
            "caller_reference": "9b962bc7-b1b4-47ce-947e-5d2198c70879",
            "comment": "Production Distribution for Cloud Resume Challenge",
            "continuous_deployment_policy_id": "",
            "custom_error_response.#": "1",
            "custom_error_response.0.error_caching_min_ttl": "10",
            "custom_error_response.0.error_code": "403",
            "custom_error_response.0.response_code": "400",
            "custom_error_response.0.response_page_path": "/",
            "default_cache_behavior.#": "1",
            "default_cache_behavior.0.allowed_methods.#": "2",
            "default_cache_behavior.0.allowed_methods.0": "GET",
            "default_cache_behavior.0.allowed_methods.1": "HEAD",
            "default_cache_behavior.0.cache_policy_id": "658327ea-f89d-4fab-a63d-7e88639e58f6",
            "default_cache_behavior.0.cached_methods.#": "2",
            "default_cache_behavior.0.cached_methods.0": "GET",
            "default_cache_behavior.0.cached_methods.1": "HEAD",
            "default_cache_behavior.0.compress": "true",
            "default_cache_behavior.0.default_ttl": "0",
            "default_cache_behavior.0.field_level_encryption_id": "",
            "default_cache_behavior.0.forwarded_values.#": "0",
            "default_cache_behavior.0.function_association.#": "0",
            "default_cache_behavior.0.lambda_function_association.#": "0",
            "default_cache_behavior.0.max_ttl": "0",
            "default_cache_behavior.0.min_ttl": "0",
            "default_cache_behavior.0.origin_request_policy_id": "",
            "default_cache_behavior.0.realtime_log_config_arn": "",
            "default_cache_behavior.0.response_headers_policy_id": "",
            "default_cache_behavior.0.smooth_streaming": "false",
            "default_cache_behavior.0.target_origin_id": "agb-s3-cloudresumechallenge-hosted.s3-website-ap-northeast-1.amazonaws.com",
            "default_cache_behavior.0.trusted_key_groups.#": "0",
            "default_cache_behavior.0.trusted_signers.#": "0",
            "default_cache_behavior.0.viewer_protocol_policy": "redirect-to-https",
            "default_root_object": "",
            "domain_name": "dwjelrheir4cw.cloudfront.net",
            "enabled": "true",
            "etag": "ET8XR5EW1WS9B",
            "hosted_zone_id": "Z2FDTNDATAQYW2",
            "http_version": "http2",
            "id": "ESAPTUQ4RL7CE",
            "in_progress_validation_batches": "0",
            "is_ipv6_enabled": "false",
            "last_modified_time": "2024-06-04 14:38:59.323 +0000 UTC",
            "logging_config.#": "1",
            "logging_config.0.bucket": "agb-s3-cloudresumechallenge-logging.s3.amazonaws.com",
            "logging_config.0.include_cookies": "false",
            "logging_config.0.prefix": "cf_crc_",
            "ordered_cache_behavior.#": "0",
            "origin.#": "1",
            "origin.0.connection_attempts": "3",
            "origin.0.connection_timeout": "10",
            "origin.0.custom_header.#": "0",
            "origin.0.custom_origin_config.#": "1",
            "origin.0.custom_origin_config.0.http_port": "80",
            "origin.0.custom_origin_config.0.https_port": "443",
            "origin.0.custom_origin_config.0.origin_keepalive_timeout": "5",
            "origin.0.custom_origin_config.0.origin_protocol_policy": "http-only",
            "origin.0.custom_origin_config.0.origin_read_timeout": "30",
            "origin.0.custom_origin_config.0.origin_ssl_protocols.#": "4",
            "origin.0.custom_origin_config.0.origin_ssl_protocols.0": "SSLv3",
            "origin.0.custom_origin_config.0.origin_ssl_protocols.1": "TLSv1",
            "origin.0.custom_origin_config.0.origin_ssl_protocols.2": "TLSv1.1",
            "origin.0.custom_origin_config.0.origin_ssl_protocols.3": "TLSv1.2",
            "origin.0.domain_name": "agb-s3-cloudresumechallenge-hosted.s3-website-ap-northeast-1.amazonaws.com",
            "origin.0.origin_access_control_id": "",
            "origin.0.origin_id": "agb-s3-cloudresumechallenge-hosted.s3-website-ap-northeast-1.amazonaws.com",
            "origin.0.origin_path": "",
            "origin.0.origin_shield.#": "1",
            "origin.0.origin_shield.0.enabled": "true",
            "origin.0.origin_shield.0.origin_shield_region": "ap-northeast-1",
            "origin.0.s3_origin_config.#": "0",
            "price_class": "PriceClass_All",
            "restrictions.#": "1",
            "restrictions.0.geo_restriction.#": "1",
            "restrictions.0.geo_restriction.0.locations.#": "0",
            "restrictions.0.geo_restriction.0.restriction_type": "none",
            "retain_on_delete": "false",
            "staging": "false",
            "status": "Deployed",
            "tags.%": "1",
            "tags.Project": "CloudResumeChallenge",
            "tags_all.%": "1",
            "tags_all.Project": "CloudResumeChallenge",
            "trusted_key_groups.#": "1",
            "trusted_key_groups.0.enabled": "false",
            "trusted_key_groups.0.items.#": "0",
            "trusted_signers.#": "1",
            "trusted_signers.0.enabled": "false",
            "trusted_signers.0.items.#": "0",
            "viewer_certificate.#": "1",
            "viewer_certificate.0.acm_certificate_arn": "arn:aws:acm:us-east-1:339712851438:certificate/d2c204b7-bb92-437a-b2d8-a9dcd55aea97",
            "viewer_certificate.0.cloudfront_default_certificate": "false",
            "viewer_certificate.0.iam_certificate_id": "",
            "viewer_certificate.0.minimum_protocol_version": "TLSv1.2_2021",
            "viewer_certificate.0.ssl_support_method": "sni-only",
            "web_acl_id": "arn:aws:wafv2:us-east-1:339712851438:global/webacl/CloudResume-WebACL/c38b9d17-1bdf-4d05-ad66-edee4866bbbc"
          },
          "sensitive_attributes": []
        }
      ]
    }
  ],
  "check_results": null
}
